// !$*UTF8*$!
{
	archiveVersion = 1;
	classes = {
	};
	objectVersion = 46;
	objects = {

/* Begin PBXBuildFile section */
		FA1E23FB1C84BF9B0045D6EF /* CoreModel.h in Headers */ = {isa = PBXBuildFile; fileRef = FA1E23FA1C84BF9B0045D6EF /* CoreModel.h */; settings = {ATTRIBUTES = (Public, ); }; };
		FA1E24021C84BF9B0045D6EF /* CoreModel.framework in Frameworks */ = {isa = PBXBuildFile; fileRef = FA1E23F71C84BF9B0045D6EF /* CoreModel.framework */; };
		FA1E24071C84BF9B0045D6EF /* CoreModelTests.m in Sources */ = {isa = PBXBuildFile; fileRef = FA1E24061C84BF9B0045D6EF /* CoreModelTests.m */; };
		FA1E24131C84BFA50045D6EF /* CMModel.m in Sources */ = {isa = PBXBuildFile; fileRef = FA1E24111C84BFA50045D6EF /* CMModel.m */; };
		FA1E24141C84BFA50045D6EF /* CMModel.h in Headers */ = {isa = PBXBuildFile; fileRef = FA1E24121C84BFA50045D6EF /* CMModel.h */; settings = {ATTRIBUTES = (Public, ); }; };
		FA1E24161C84C6D10045D6EF /* test.json in Resources */ = {isa = PBXBuildFile; fileRef = FA1E24151C84C6D10045D6EF /* test.json */; };
		FA1E24181C84DD090045D6EF /* levels.json in Resources */ = {isa = PBXBuildFile; fileRef = FA1E24171C84DD090045D6EF /* levels.json */; };
		FA5FC8231D358C7100F1FF89 /* CMModel.h in Headers */ = {isa = PBXBuildFile; fileRef = FA1E24121C84BFA50045D6EF /* CMModel.h */; settings = {ATTRIBUTES = (Public, ); }; };
		FA5FC8241D358C7800F1FF89 /* CoreModel.h in Headers */ = {isa = PBXBuildFile; fileRef = FA1E23FA1C84BF9B0045D6EF /* CoreModel.h */; settings = {ATTRIBUTES = (Public, ); }; };
		FA5FC8251D358C8300F1FF89 /* CMModel.m in Sources */ = {isa = PBXBuildFile; fileRef = FA1E24111C84BFA50045D6EF /* CMModel.m */; };
		FAAFB8BB1EDB702000EB550B /* CMModel.m in Sources */ = {isa = PBXBuildFile; fileRef = FA1E24111C84BFA50045D6EF /* CMModel.m */; };
		FAAFB8BE1EDB702000EB550B /* CMModel.h in Headers */ = {isa = PBXBuildFile; fileRef = FA1E24121C84BFA50045D6EF /* CMModel.h */; settings = {ATTRIBUTES = (Public, ); }; };
		FAAFB8BF1EDB702000EB550B /* CoreModel.h in Headers */ = {isa = PBXBuildFile; fileRef = FA1E23FA1C84BF9B0045D6EF /* CoreModel.h */; settings = {ATTRIBUTES = (Public, ); }; };
/* End PBXBuildFile section */

/* Begin PBXContainerItemProxy section */
		FA1E24031C84BF9B0045D6EF /* PBXContainerItemProxy */ = {
			isa = PBXContainerItemProxy;
			containerPortal = FA1E23EE1C84BF9B0045D6EF /* Project object */;
			proxyType = 1;
			remoteGlobalIDString = FA1E23F61C84BF9B0045D6EF;
			remoteInfo = CoreModel;
		};
/* End PBXContainerItemProxy section */

/* Begin PBXFileReference section */
		FA1E23F71C84BF9B0045D6EF /* CoreModel.framework */ = {isa = PBXFileReference; explicitFileType = wrapper.framework; includeInIndex = 0; path = CoreModel.framework; sourceTree = BUILT_PRODUCTS_DIR; };
		FA1E23FA1C84BF9B0045D6EF /* CoreModel.h */ = {isa = PBXFileReference; lastKnownFileType = sourcecode.c.h; path = CoreModel.h; sourceTree = "<group>"; };
		FA1E23FC1C84BF9B0045D6EF /* Info.plist */ = {isa = PBXFileReference; lastKnownFileType = text.plist.xml; path = Info.plist; sourceTree = "<group>"; };
		FA1E24011C84BF9B0045D6EF /* CoreModelTests.xctest */ = {isa = PBXFileReference; explicitFileType = wrapper.cfbundle; includeInIndex = 0; path = CoreModelTests.xctest; sourceTree = BUILT_PRODUCTS_DIR; };
		FA1E24061C84BF9B0045D6EF /* CoreModelTests.m */ = {isa = PBXFileReference; lastKnownFileType = sourcecode.c.objc; path = CoreModelTests.m; sourceTree = "<group>"; };
		FA1E24081C84BF9B0045D6EF /* Info.plist */ = {isa = PBXFileReference; lastKnownFileType = text.plist.xml; path = Info.plist; sourceTree = "<group>"; };
		FA1E24111C84BFA50045D6EF /* CMModel.m */ = {isa = PBXFileReference; fileEncoding = 4; lastKnownFileType = sourcecode.c.objc; path = CMModel.m; sourceTree = "<group>"; };
		FA1E24121C84BFA50045D6EF /* CMModel.h */ = {isa = PBXFileReference; fileEncoding = 4; lastKnownFileType = sourcecode.c.h; path = CMModel.h; sourceTree = "<group>"; };
		FA1E24151C84C6D10045D6EF /* test.json */ = {isa = PBXFileReference; fileEncoding = 4; lastKnownFileType = text.json; path = test.json; sourceTree = "<group>"; };
		FA1E24171C84DD090045D6EF /* levels.json */ = {isa = PBXFileReference; fileEncoding = 4; lastKnownFileType = text.json; path = levels.json; sourceTree = "<group>"; };
		FA5FC81B1D358C0200F1FF89 /* CoreModel.framework */ = {isa = PBXFileReference; explicitFileType = wrapper.framework; includeInIndex = 0; path = CoreModel.framework; sourceTree = BUILT_PRODUCTS_DIR; };
		FAAFB8C41EDB702000EB550B /* CoreModel.framework */ = {isa = PBXFileReference; explicitFileType = wrapper.framework; includeInIndex = 0; path = CoreModel.framework; sourceTree = BUILT_PRODUCTS_DIR; };
/* End PBXFileReference section */

/* Begin PBXFrameworksBuildPhase section */
		FA1E23F31C84BF9B0045D6EF /* Frameworks */ = {
			isa = PBXFrameworksBuildPhase;
			buildActionMask = 2147483647;
			files = (
			);
			runOnlyForDeploymentPostprocessing = 0;
		};
		FA1E23FE1C84BF9B0045D6EF /* Frameworks */ = {
			isa = PBXFrameworksBuildPhase;
			buildActionMask = 2147483647;
			files = (
				FA1E24021C84BF9B0045D6EF /* CoreModel.framework in Frameworks */,
			);
			runOnlyForDeploymentPostprocessing = 0;
		};
		FA5FC8171D358C0200F1FF89 /* Frameworks */ = {
			isa = PBXFrameworksBuildPhase;
			buildActionMask = 2147483647;
			files = (
			);
			runOnlyForDeploymentPostprocessing = 0;
		};
		FAAFB8BC1EDB702000EB550B /* Frameworks */ = {
			isa = PBXFrameworksBuildPhase;
			buildActionMask = 2147483647;
			files = (
			);
			runOnlyForDeploymentPostprocessing = 0;
		};
/* End PBXFrameworksBuildPhase section */

/* Begin PBXGroup section */
		FA1E23ED1C84BF9B0045D6EF = {
			isa = PBXGroup;
			children = (
				FA1E23F91C84BF9B0045D6EF /* CoreModel */,
				FA1E24051C84BF9B0045D6EF /* CoreModelTests */,
				FA1E23F81C84BF9B0045D6EF /* Products */,
			);
			sourceTree = "<group>";
		};
		FA1E23F81C84BF9B0045D6EF /* Products */ = {
			isa = PBXGroup;
			children = (
				FA1E23F71C84BF9B0045D6EF /* CoreModel.framework */,
				FA1E24011C84BF9B0045D6EF /* CoreModelTests.xctest */,
				FA5FC81B1D358C0200F1FF89 /* CoreModel.framework */,
				FAAFB8C41EDB702000EB550B /* CoreModel.framework */,
			);
			name = Products;
			sourceTree = "<group>";
		};
		FA1E23F91C84BF9B0045D6EF /* CoreModel */ = {
			isa = PBXGroup;
			children = (
				FA1E23FA1C84BF9B0045D6EF /* CoreModel.h */,
				FA1E24121C84BFA50045D6EF /* CMModel.h */,
				FA1E24111C84BFA50045D6EF /* CMModel.m */,
				FA1E23FC1C84BF9B0045D6EF /* Info.plist */,
			);
			path = CoreModel;
			sourceTree = "<group>";
		};
		FA1E24051C84BF9B0045D6EF /* CoreModelTests */ = {
			isa = PBXGroup;
			children = (
				FA1E24061C84BF9B0045D6EF /* CoreModelTests.m */,
				FA1E24171C84DD090045D6EF /* levels.json */,
				FA1E24151C84C6D10045D6EF /* test.json */,
				FA1E24081C84BF9B0045D6EF /* Info.plist */,
			);
			path = CoreModelTests;
			sourceTree = "<group>";
		};
/* End PBXGroup section */

/* Begin PBXHeadersBuildPhase section */
		FA1E23F41C84BF9B0045D6EF /* Headers */ = {
			isa = PBXHeadersBuildPhase;
			buildActionMask = 2147483647;
			files = (
				FA1E24141C84BFA50045D6EF /* CMModel.h in Headers */,
				FA1E23FB1C84BF9B0045D6EF /* CoreModel.h in Headers */,
			);
			runOnlyForDeploymentPostprocessing = 0;
		};
		FA5FC8181D358C0200F1FF89 /* Headers */ = {
			isa = PBXHeadersBuildPhase;
			buildActionMask = 2147483647;
			files = (
				FA5FC8231D358C7100F1FF89 /* CMModel.h in Headers */,
				FA5FC8241D358C7800F1FF89 /* CoreModel.h in Headers */,
			);
			runOnlyForDeploymentPostprocessing = 0;
		};
		FAAFB8BD1EDB702000EB550B /* Headers */ = {
			isa = PBXHeadersBuildPhase;
			buildActionMask = 2147483647;
			files = (
				FAAFB8BE1EDB702000EB550B /* CMModel.h in Headers */,
				FAAFB8BF1EDB702000EB550B /* CoreModel.h in Headers */,
			);
			runOnlyForDeploymentPostprocessing = 0;
		};
/* End PBXHeadersBuildPhase section */

/* Begin PBXNativeTarget section */
		FA1E23F61C84BF9B0045D6EF /* CoreModel */ = {
			isa = PBXNativeTarget;
			buildConfigurationList = FA1E240B1C84BF9B0045D6EF /* Build configuration list for PBXNativeTarget "CoreModel" */;
			buildPhases = (
				FA1E23F21C84BF9B0045D6EF /* Sources */,
				FA1E23F31C84BF9B0045D6EF /* Frameworks */,
				FA1E23F41C84BF9B0045D6EF /* Headers */,
				FA1E23F51C84BF9B0045D6EF /* Resources */,
			);
			buildRules = (
			);
			dependencies = (
			);
			name = CoreModel;
			productName = CoreModel;
			productReference = FA1E23F71C84BF9B0045D6EF /* CoreModel.framework */;
			productType = "com.apple.product-type.framework";
		};
		FA1E24001C84BF9B0045D6EF /* CoreModelTests */ = {
			isa = PBXNativeTarget;
			buildConfigurationList = FA1E240E1C84BF9B0045D6EF /* Build configuration list for PBXNativeTarget "CoreModelTests" */;
			buildPhases = (
				FA1E23FD1C84BF9B0045D6EF /* Sources */,
				FA1E23FE1C84BF9B0045D6EF /* Frameworks */,
				FA1E23FF1C84BF9B0045D6EF /* Resources */,
			);
			buildRules = (
			);
			dependencies = (
				FA1E24041C84BF9B0045D6EF /* PBXTargetDependency */,
			);
			name = CoreModelTests;
			productName = CoreModelTests;
			productReference = FA1E24011C84BF9B0045D6EF /* CoreModelTests.xctest */;
			productType = "com.apple.product-type.bundle.unit-test";
		};
		FA5FC81A1D358C0200F1FF89 /* CoreModel Mac */ = {
			isa = PBXNativeTarget;
			buildConfigurationList = FA5FC8221D358C0300F1FF89 /* Build configuration list for PBXNativeTarget "CoreModel Mac" */;
			buildPhases = (
				FA5FC8161D358C0200F1FF89 /* Sources */,
				FA5FC8171D358C0200F1FF89 /* Frameworks */,
				FA5FC8181D358C0200F1FF89 /* Headers */,
				FA5FC8191D358C0200F1FF89 /* Resources */,
			);
			buildRules = (
			);
			dependencies = (
			);
			name = "CoreModel Mac";
			productName = "CoreModel Mac";
			productReference = FA5FC81B1D358C0200F1FF89 /* CoreModel.framework */;
			productType = "com.apple.product-type.framework";
		};
		FAAFB8B91EDB702000EB550B /* CoreModel ATV */ = {
			isa = PBXNativeTarget;
			buildConfigurationList = FAAFB8C11EDB702000EB550B /* Build configuration list for PBXNativeTarget "CoreModel ATV" */;
			buildPhases = (
				FAAFB8BA1EDB702000EB550B /* Sources */,
				FAAFB8BC1EDB702000EB550B /* Frameworks */,
				FAAFB8BD1EDB702000EB550B /* Headers */,
				FAAFB8C01EDB702000EB550B /* Resources */,
			);
			buildRules = (
			);
			dependencies = (
			);
			name = "CoreModel ATV";
			productName = CoreModel;
			productReference = FAAFB8C41EDB702000EB550B /* CoreModel.framework */;
			productType = "com.apple.product-type.framework";
		};
/* End PBXNativeTarget section */

/* Begin PBXProject section */
		FA1E23EE1C84BF9B0045D6EF /* Project object */ = {
			isa = PBXProject;
			attributes = {
				LastUpgradeCheck = 0900;
				ORGANIZATIONNAME = "X-Rite, Inc.";
				TargetAttributes = {
					FA1E23F61C84BF9B0045D6EF = {
						CreatedOnToolsVersion = 7.2.1;
						DevelopmentTeam = 4NFXNUDA89;
						ProvisioningStyle = Automatic;
					};
					FA1E24001C84BF9B0045D6EF = {
						CreatedOnToolsVersion = 7.2.1;
						DevelopmentTeam = 4NFXNUDA89;
						ProvisioningStyle = Automatic;
					};
					FA5FC81A1D358C0200F1FF89 = {
						CreatedOnToolsVersion = 7.3.1;
						DevelopmentTeam = 4NFXNUDA89;
						ProvisioningStyle = Automatic;
					};
					FAAFB8B91EDB702000EB550B = {
						DevelopmentTeam = 4NFXNUDA89;
					};
				};
			};
			buildConfigurationList = FA1E23F11C84BF9B0045D6EF /* Build configuration list for PBXProject "CoreModel" */;
			compatibilityVersion = "Xcode 3.2";
			developmentRegion = English;
			hasScannedForEncodings = 0;
			knownRegions = (
				en,
			);
			mainGroup = FA1E23ED1C84BF9B0045D6EF;
			productRefGroup = FA1E23F81C84BF9B0045D6EF /* Products */;
			projectDirPath = "";
			projectRoot = "";
			targets = (
				FA1E23F61C84BF9B0045D6EF /* CoreModel */,
				FAAFB8B91EDB702000EB550B /* CoreModel ATV */,
				FA5FC81A1D358C0200F1FF89 /* CoreModel Mac */,
				FA1E24001C84BF9B0045D6EF /* CoreModelTests */,
			);
		};
/* End PBXProject section */

/* Begin PBXResourcesBuildPhase section */
		FA1E23F51C84BF9B0045D6EF /* Resources */ = {
			isa = PBXResourcesBuildPhase;
			buildActionMask = 2147483647;
			files = (
			);
			runOnlyForDeploymentPostprocessing = 0;
		};
		FA1E23FF1C84BF9B0045D6EF /* Resources */ = {
			isa = PBXResourcesBuildPhase;
			buildActionMask = 2147483647;
			files = (
				FA1E24181C84DD090045D6EF /* levels.json in Resources */,
				FA1E24161C84C6D10045D6EF /* test.json in Resources */,
			);
			runOnlyForDeploymentPostprocessing = 0;
		};
		FA5FC8191D358C0200F1FF89 /* Resources */ = {
			isa = PBXResourcesBuildPhase;
			buildActionMask = 2147483647;
			files = (
			);
			runOnlyForDeploymentPostprocessing = 0;
		};
		FAAFB8C01EDB702000EB550B /* Resources */ = {
			isa = PBXResourcesBuildPhase;
			buildActionMask = 2147483647;
			files = (
			);
			runOnlyForDeploymentPostprocessing = 0;
		};
/* End PBXResourcesBuildPhase section */

/* Begin PBXSourcesBuildPhase section */
		FA1E23F21C84BF9B0045D6EF /* Sources */ = {
			isa = PBXSourcesBuildPhase;
			buildActionMask = 2147483647;
			files = (
				FA1E24131C84BFA50045D6EF /* CMModel.m in Sources */,
			);
			runOnlyForDeploymentPostprocessing = 0;
		};
		FA1E23FD1C84BF9B0045D6EF /* Sources */ = {
			isa = PBXSourcesBuildPhase;
			buildActionMask = 2147483647;
			files = (
				FA1E24071C84BF9B0045D6EF /* CoreModelTests.m in Sources */,
			);
			runOnlyForDeploymentPostprocessing = 0;
		};
		FA5FC8161D358C0200F1FF89 /* Sources */ = {
			isa = PBXSourcesBuildPhase;
			buildActionMask = 2147483647;
			files = (
				FA5FC8251D358C8300F1FF89 /* CMModel.m in Sources */,
			);
			runOnlyForDeploymentPostprocessing = 0;
		};
		FAAFB8BA1EDB702000EB550B /* Sources */ = {
			isa = PBXSourcesBuildPhase;
			buildActionMask = 2147483647;
			files = (
				FAAFB8BB1EDB702000EB550B /* CMModel.m in Sources */,
			);
			runOnlyForDeploymentPostprocessing = 0;
		};
/* End PBXSourcesBuildPhase section */

/* Begin PBXTargetDependency section */
		FA1E24041C84BF9B0045D6EF /* PBXTargetDependency */ = {
			isa = PBXTargetDependency;
			target = FA1E23F61C84BF9B0045D6EF /* CoreModel */;
			targetProxy = FA1E24031C84BF9B0045D6EF /* PBXContainerItemProxy */;
		};
/* End PBXTargetDependency section */

/* Begin XCBuildConfiguration section */
		FA1E24091C84BF9B0045D6EF /* Debug */ = {
			isa = XCBuildConfiguration;
			buildSettings = {
				ALWAYS_SEARCH_USER_PATHS = NO;
				CLANG_CXX_LANGUAGE_STANDARD = "gnu++0x";
				CLANG_CXX_LIBRARY = "libc++";
				CLANG_ENABLE_MODULES = YES;
				CLANG_ENABLE_OBJC_ARC = YES;
				CLANG_WARN_BLOCK_CAPTURE_AUTORELEASING = YES;
				CLANG_WARN_BOOL_CONVERSION = YES;
				CLANG_WARN_COMMA = YES;
				CLANG_WARN_CONSTANT_CONVERSION = YES;
				CLANG_WARN_DIRECT_OBJC_ISA_USAGE = YES_ERROR;
				CLANG_WARN_EMPTY_BODY = YES;
				CLANG_WARN_ENUM_CONVERSION = YES;
				CLANG_WARN_INFINITE_RECURSION = YES;
				CLANG_WARN_INT_CONVERSION = YES;
				CLANG_WARN_NON_LITERAL_NULL_CONVERSION = YES;
				CLANG_WARN_OBJC_LITERAL_CONVERSION = YES;
				CLANG_WARN_OBJC_ROOT_CLASS = YES_ERROR;
				CLANG_WARN_RANGE_LOOP_ANALYSIS = YES;
				CLANG_WARN_STRICT_PROTOTYPES = YES;
				CLANG_WARN_SUSPICIOUS_MOVE = YES;
				CLANG_WARN_UNREACHABLE_CODE = YES;
				CLANG_WARN__DUPLICATE_METHOD_MATCH = YES;
				"CODE_SIGN_IDENTITY[sdk=iphoneos*]" = "iPhone Developer";
				COPY_PHASE_STRIP = NO;
				CURRENT_PROJECT_VERSION = 1;
				DEBUG_INFORMATION_FORMAT = dwarf;
				ENABLE_STRICT_OBJC_MSGSEND = YES;
				ENABLE_TESTABILITY = YES;
				GCC_C_LANGUAGE_STANDARD = gnu99;
				GCC_DYNAMIC_NO_PIC = NO;
				GCC_NO_COMMON_BLOCKS = YES;
				GCC_OPTIMIZATION_LEVEL = 0;
				GCC_PREPROCESSOR_DEFINITIONS = (
					"DEBUG=1",
					"$(inherited)",
				);
				GCC_WARN_64_TO_32_BIT_CONVERSION = YES;
				GCC_WARN_ABOUT_RETURN_TYPE = YES_ERROR;
				GCC_WARN_UNDECLARED_SELECTOR = YES;
				GCC_WARN_UNINITIALIZED_AUTOS = YES_AGGRESSIVE;
				GCC_WARN_UNUSED_FUNCTION = YES;
				GCC_WARN_UNUSED_VARIABLE = YES;
				IPHONEOS_DEPLOYMENT_TARGET = 9.2;
				MTL_ENABLE_DEBUG_INFO = YES;
				ONLY_ACTIVE_ARCH = YES;
				SDKROOT = iphoneos;
				TARGETED_DEVICE_FAMILY = "1,2";
				VERSIONING_SYSTEM = "apple-generic";
				VERSION_INFO_PREFIX = "";
			};
			name = Debug;
		};
		FA1E240A1C84BF9B0045D6EF /* Release */ = {
			isa = XCBuildConfiguration;
			buildSettings = {
				ALWAYS_SEARCH_USER_PATHS = NO;
				CLANG_CXX_LANGUAGE_STANDARD = "gnu++0x";
				CLANG_CXX_LIBRARY = "libc++";
				CLANG_ENABLE_MODULES = YES;
				CLANG_ENABLE_OBJC_ARC = YES;
				CLANG_WARN_BLOCK_CAPTURE_AUTORELEASING = YES;
				CLANG_WARN_BOOL_CONVERSION = YES;
				CLANG_WARN_COMMA = YES;
				CLANG_WARN_CONSTANT_CONVERSION = YES;
				CLANG_WARN_DIRECT_OBJC_ISA_USAGE = YES_ERROR;
				CLANG_WARN_EMPTY_BODY = YES;
				CLANG_WARN_ENUM_CONVERSION = YES;
				CLANG_WARN_INFINITE_RECURSION = YES;
				CLANG_WARN_INT_CONVERSION = YES;
				CLANG_WARN_NON_LITERAL_NULL_CONVERSION = YES;
				CLANG_WARN_OBJC_LITERAL_CONVERSION = YES;
				CLANG_WARN_OBJC_ROOT_CLASS = YES_ERROR;
				CLANG_WARN_RANGE_LOOP_ANALYSIS = YES;
				CLANG_WARN_STRICT_PROTOTYPES = YES;
				CLANG_WARN_SUSPICIOUS_MOVE = YES;
				CLANG_WARN_UNREACHABLE_CODE = YES;
				CLANG_WARN__DUPLICATE_METHOD_MATCH = YES;
				"CODE_SIGN_IDENTITY[sdk=iphoneos*]" = "iPhone Developer";
				COPY_PHASE_STRIP = NO;
				CURRENT_PROJECT_VERSION = 1;
				DEBUG_INFORMATION_FORMAT = "dwarf-with-dsym";
				ENABLE_NS_ASSERTIONS = NO;
				ENABLE_STRICT_OBJC_MSGSEND = YES;
				GCC_C_LANGUAGE_STANDARD = gnu99;
				GCC_NO_COMMON_BLOCKS = YES;
				GCC_WARN_64_TO_32_BIT_CONVERSION = YES;
				GCC_WARN_ABOUT_RETURN_TYPE = YES_ERROR;
				GCC_WARN_UNDECLARED_SELECTOR = YES;
				GCC_WARN_UNINITIALIZED_AUTOS = YES_AGGRESSIVE;
				GCC_WARN_UNUSED_FUNCTION = YES;
				GCC_WARN_UNUSED_VARIABLE = YES;
				IPHONEOS_DEPLOYMENT_TARGET = 9.2;
				MTL_ENABLE_DEBUG_INFO = NO;
				SDKROOT = iphoneos;
				TARGETED_DEVICE_FAMILY = "1,2";
				VALIDATE_PRODUCT = YES;
				VERSIONING_SYSTEM = "apple-generic";
				VERSION_INFO_PREFIX = "";
			};
			name = Release;
		};
		FA1E240C1C84BF9B0045D6EF /* Debug */ = {
			isa = XCBuildConfiguration;
			buildSettings = {
				APPLICATION_EXTENSION_API_ONLY = YES;
				CODE_SIGN_IDENTITY = "iPhone Developer";
				"CODE_SIGN_IDENTITY[sdk=iphoneos*]" = "";
				CURRENT_PROJECT_VERSION = 0.0.1;
				DEBUG_INFORMATION_FORMAT = "dwarf-with-dsym";
				DEFINES_MODULE = YES;
				DEVELOPMENT_TEAM = 4NFXNUDA89;
				DYLIB_COMPATIBILITY_VERSION = 1;
				DYLIB_CURRENT_VERSION = 1.0.0;
				DYLIB_INSTALL_NAME_BASE = "@rpath";
				ENABLE_BITCODE = YES;
				GCC_INLINES_ARE_PRIVATE_EXTERN = YES;
				GCC_SYMBOLS_PRIVATE_EXTERN = YES;
				INFOPLIST_FILE = CoreModel/Info.plist;
				INSTALL_PATH = "$(LOCAL_LIBRARY_DIR)/Frameworks";
				IPHONEOS_DEPLOYMENT_TARGET = 9.0;
				LD_RUNPATH_SEARCH_PATHS = "$(inherited) @executable_path/Frameworks @loader_path/Frameworks";
				PRODUCT_BUNDLE_IDENTIFIER = com.bedroomcode.CoreModel;
				PRODUCT_NAME = "$(TARGET_NAME)";
				PROVISIONING_PROFILE_SPECIFIER = "";
				SKIP_INSTALL = YES;
			};
			name = Debug;
		};
		FA1E240D1C84BF9B0045D6EF /* Release */ = {
			isa = XCBuildConfiguration;
			buildSettings = {
				APPLICATION_EXTENSION_API_ONLY = YES;
				CODE_SIGN_IDENTITY = "iPhone Developer";
				"CODE_SIGN_IDENTITY[sdk=iphoneos*]" = "";
				CURRENT_PROJECT_VERSION = 0.0.1;
				DEBUG_INFORMATION_FORMAT = "dwarf-with-dsym";
				DEFINES_MODULE = YES;
				DEVELOPMENT_TEAM = 4NFXNUDA89;
				DYLIB_COMPATIBILITY_VERSION = 1;
				DYLIB_CURRENT_VERSION = 1.0.0;
				DYLIB_INSTALL_NAME_BASE = "@rpath";
				ENABLE_BITCODE = YES;
				GCC_INLINES_ARE_PRIVATE_EXTERN = YES;
				GCC_SYMBOLS_PRIVATE_EXTERN = YES;
				INFOPLIST_FILE = CoreModel/Info.plist;
				INSTALL_PATH = "$(LOCAL_LIBRARY_DIR)/Frameworks";
				IPHONEOS_DEPLOYMENT_TARGET = 9.0;
				LD_RUNPATH_SEARCH_PATHS = "$(inherited) @executable_path/Frameworks @loader_path/Frameworks";
				PRODUCT_BUNDLE_IDENTIFIER = com.bedroomcode.CoreModel;
				PRODUCT_NAME = "$(TARGET_NAME)";
				PROVISIONING_PROFILE_SPECIFIER = "";
				SKIP_INSTALL = YES;
			};
			name = Release;
		};
		FA1E240F1C84BF9B0045D6EF /* Debug */ = {
			isa = XCBuildConfiguration;
			buildSettings = {
				"CODE_SIGN_IDENTITY[sdk=iphoneos*]" = "iPhone Developer";
				DEVELOPMENT_TEAM = 4NFXNUDA89;
				INFOPLIST_FILE = CoreModelTests/Info.plist;
				LD_RUNPATH_SEARCH_PATHS = "$(inherited) @executable_path/Frameworks @loader_path/Frameworks";
				PRODUCT_BUNDLE_IDENTIFIER = com.xrite.CoreModelTests;
				PRODUCT_NAME = "$(TARGET_NAME)";
				PROVISIONING_PROFILE_SPECIFIER = "";
			};
			name = Debug;
		};
		FA1E24101C84BF9B0045D6EF /* Release */ = {
			isa = XCBuildConfiguration;
			buildSettings = {
				"CODE_SIGN_IDENTITY[sdk=iphoneos*]" = "iPhone Developer";
				DEVELOPMENT_TEAM = 4NFXNUDA89;
				INFOPLIST_FILE = CoreModelTests/Info.plist;
				LD_RUNPATH_SEARCH_PATHS = "$(inherited) @executable_path/Frameworks @loader_path/Frameworks";
				PRODUCT_BUNDLE_IDENTIFIER = com.xrite.CoreModelTests;
				PRODUCT_NAME = "$(TARGET_NAME)";
				PROVISIONING_PROFILE_SPECIFIER = "";
			};
			name = Release;
		};
		FA5FC8201D358C0300F1FF89 /* Debug */ = {
			isa = XCBuildConfiguration;
			buildSettings = {
				APPLICATION_EXTENSION_API_ONLY = YES;
				CLANG_ANALYZER_NONNULL = YES;
				CODE_SIGN_IDENTITY = "";
				COMBINE_HIDPI_IMAGES = YES;
				DEFINES_MODULE = YES;
				DEVELOPMENT_TEAM = 4NFXNUDA89;
				DYLIB_COMPATIBILITY_VERSION = 1;
				DYLIB_CURRENT_VERSION = 1;
				DYLIB_INSTALL_NAME_BASE = "@rpath";
				FRAMEWORK_VERSION = A;
				INFOPLIST_FILE = "CoreModel/Info-Mac.plist";
				INSTALL_PATH = "$(LOCAL_LIBRARY_DIR)/Frameworks";
				LD_RUNPATH_SEARCH_PATHS = "$(inherited) @executable_path/../Frameworks @loader_path/Frameworks";
				MACOSX_DEPLOYMENT_TARGET = 10.11;
				PRODUCT_BUNDLE_IDENTIFIER = com.bedroomcode.CoreModel;
				PRODUCT_NAME = CoreModel;
				PROVISIONING_PROFILE_SPECIFIER = "";
				SDKROOT = macosx;
				SKIP_INSTALL = YES;
			};
			name = Debug;
		};
		FA5FC8211D358C0300F1FF89 /* Release */ = {
			isa = XCBuildConfiguration;
			buildSettings = {
				APPLICATION_EXTENSION_API_ONLY = YES;
				CLANG_ANALYZER_NONNULL = YES;
				CODE_SIGN_IDENTITY = "";
				COMBINE_HIDPI_IMAGES = YES;
				DEFINES_MODULE = YES;
				DEVELOPMENT_TEAM = 4NFXNUDA89;
				DYLIB_COMPATIBILITY_VERSION = 1;
				DYLIB_CURRENT_VERSION = 1;
				DYLIB_INSTALL_NAME_BASE = "@rpath";
				FRAMEWORK_VERSION = A;
				INFOPLIST_FILE = "CoreModel/Info-Mac.plist";
				INSTALL_PATH = "$(LOCAL_LIBRARY_DIR)/Frameworks";
				LD_RUNPATH_SEARCH_PATHS = "$(inherited) @executable_path/../Frameworks @loader_path/Frameworks";
				MACOSX_DEPLOYMENT_TARGET = 10.11;
				PRODUCT_BUNDLE_IDENTIFIER = com.bedroomcode.CoreModel;
				PRODUCT_NAME = CoreModel;
				PROVISIONING_PROFILE_SPECIFIER = "";
				SDKROOT = macosx;
				SKIP_INSTALL = YES;
			};
			name = Release;
		};
		FAAFB8C21EDB702000EB550B /* Debug */ = {
			isa = XCBuildConfiguration;
			buildSettings = {
				APPLICATION_EXTENSION_API_ONLY = YES;
				CODE_SIGN_IDENTITY = "iPhone Developer";
				"CODE_SIGN_IDENTITY[sdk=appletvos*]" = "";
				"CODE_SIGN_IDENTITY[sdk=iphoneos*]" = "";
				CURRENT_PROJECT_VERSION = 0.0.1;
				DEBUG_INFORMATION_FORMAT = "dwarf-with-dsym";
				DEFINES_MODULE = YES;
				DEVELOPMENT_TEAM = 4NFXNUDA89;
				DYLIB_COMPATIBILITY_VERSION = 1;
				DYLIB_CURRENT_VERSION = 1.0.0;
				DYLIB_INSTALL_NAME_BASE = "@rpath";
				ENABLE_BITCODE = YES;
				GCC_INLINES_ARE_PRIVATE_EXTERN = YES;
				GCC_SYMBOLS_PRIVATE_EXTERN = YES;
				INFOPLIST_FILE = "CoreModel/Info-ATV.plist";
				INSTALL_PATH = "$(LOCAL_LIBRARY_DIR)/Frameworks";
				IPHONEOS_DEPLOYMENT_TARGET = 9.0;
				LD_RUNPATH_SEARCH_PATHS = "$(inherited) @executable_path/Frameworks @loader_path/Frameworks";
				PRODUCT_BUNDLE_IDENTIFIER = com.bedroomcode.CoreModel;
				PRODUCT_NAME = CoreModel;
				PROVISIONING_PROFILE_SPECIFIER = "";
				SDKROOT = appletvos;
				SKIP_INSTALL = YES;
				SUPPORTED_PLATFORMS = "appletvsimulator appletvos";
				VALID_ARCHS = arm64;
			};
			name = Debug;
		};
		FAAFB8C31EDB702000EB550B /* Release */ = {
			isa = XCBuildConfiguration;
			buildSettings = {
				APPLICATION_EXTENSION_API_ONLY = YES;
				CODE_SIGN_IDENTITY = "iPhone Developer";
				"CODE_SIGN_IDENTITY[sdk=appletvos*]" = "";
				"CODE_SIGN_IDENTITY[sdk=iphoneos*]" = "";
				CURRENT_PROJECT_VERSION = 0.0.1;
				DEBUG_INFORMATION_FORMAT = "dwarf-with-dsym";
				DEFINES_MODULE = YES;
				DEVELOPMENT_TEAM = 4NFXNUDA89;
				DYLIB_COMPATIBILITY_VERSION = 1;
				DYLIB_CURRENT_VERSION = 1.0.0;
				DYLIB_INSTALL_NAME_BASE = "@rpath";
				ENABLE_BITCODE = YES;
				GCC_INLINES_ARE_PRIVATE_EXTERN = YES;
				GCC_SYMBOLS_PRIVATE_EXTERN = YES;
				INFOPLIST_FILE = "CoreModel/Info-ATV.plist";
				INSTALL_PATH = "$(LOCAL_LIBRARY_DIR)/Frameworks";
				IPHONEOS_DEPLOYMENT_TARGET = 9.0;
				LD_RUNPATH_SEARCH_PATHS = "$(inherited) @executable_path/Frameworks @loader_path/Frameworks";
				PRODUCT_BUNDLE_IDENTIFIER = com.bedroomcode.CoreModel;
				PRODUCT_NAME = CoreModel;
				PROVISIONING_PROFILE_SPECIFIER = "";
				SDKROOT = appletvos;
				SKIP_INSTALL = YES;
				SUPPORTED_PLATFORMS = "appletvsimulator appletvos";
				VALID_ARCHS = arm64;
			};
			name = Release;
		};
/* End XCBuildConfiguration section */

/* Begin XCConfigurationList section */
		FA1E23F11C84BF9B0045D6EF /* Build configuration list for PBXProject "CoreModel" */ = {
			isa = XCConfigurationList;
			buildConfigurations = (
				FA1E24091C84BF9B0045D6EF /* Debug */,
				FA1E240A1C84BF9B0045D6EF /* Release */,
			);
			defaultConfigurationIsVisible = 0;
			defaultConfigurationName = Release;
		};
		FA1E240B1C84BF9B0045D6EF /* Build configuration list for PBXNativeTarget "CoreModel" */ = {
			isa = XCConfigurationList;
			buildConfigurations = (
				FA1E240C1C84BF9B0045D6EF /* Debug */,
				FA1E240D1C84BF9B0045D6EF /* Release */,
			);
			defaultConfigurationIsVisible = 0;
			defaultConfigurationName = Release;
		};
		FA1E240E1C84BF9B0045D6EF /* Build configuration list for PBXNativeTarget "CoreModelTests" */ = {
			isa = XCConfigurationList;
			buildConfigurations = (
				FA1E240F1C84BF9B0045D6EF /* Debug */,
				FA1E24101C84BF9B0045D6EF /* Release */,
			);
			defaultConfigurationIsVisible = 0;
			defaultConfigurationName = Release;
		};
		FA5FC8221D358C0300F1FF89 /* Build configuration list for PBXNativeTarget "CoreModel Mac" */ = {
			isa = XCConfigurationList;
			buildConfigurations = (
				FA5FC8201D358C0300F1FF89 /* Debug */,
				FA5FC8211D358C0300F1FF89 /* Release */,
			);
			defaultConfigurationIsVisible = 0;
			defaultConfigurationName = Release;
		};
		FAAFB8C11EDB702000EB550B /* Build configuration list for PBXNativeTarget "CoreModel ATV" */ = {
			isa = XCConfigurationList;
			buildConfigurations = (
				FAAFB8C21EDB702000EB550B /* Debug */,
				FAAFB8C31EDB702000EB550B /* Release */,
			);
			defaultConfigurationIsVisible = 0;
			defaultConfigurationName = Release;
		};
/* End XCConfigurationList section */
	};
	rootObject = FA1E23EE1C84BF9B0045D6EF /* Project object */;
}
